
Microsoft Visual Studio Solution File, Format Version 12.00
# Visual Studio Version 17
VisualStudioVersion = 17.13.35818.85 d17.13
MinimumVisualStudioVersion = 10.0.40219.1
Project("{FAE04EC0-301F-11D3-BF4B-00C04F79EFBC}") = "HabitacionReservas", "HabitacionReservas\HabitacionReservas.csproj", "{B923D136-C033-4E8E-98B2-12C224735CC1}"
EndProject
Global
	GlobalSection(SolutionConfigurationPlatforms) = preSolution
		Debug|Any CPU = Debug|Any CPU
		Release|Any CPU = Release|Any CPU
	EndGlobalSection
	GlobalSection(ProjectConfigurationPlatforms) = postSolution
		{B923D136-C033-4E8E-98B2-12C224735CC1}.Debug|Any CPU.ActiveCfg = Debug|Any CPU
		{B923D136-C033-4E8E-98B2-12C224735CC1}.Debug|Any CPU.Build.0 = Debug|Any CPU
		{B923D136-C033-4E8E-98B2-12C224735CC1}.Release|Any CPU.ActiveCfg = Release|Any CPU
		{B923D136-C033-4E8E-98B2-12C224735CC1}.Release|Any CPU.Build.0 = Release|Any CPU
	EndGlobalSection
	GlobalSection(SolutionProperties) = preSolution
		HideSolutionNode = FALSE
	EndGlobalSection
	GlobalSection(ExtensibilityGlobals) = postSolution
		SolutionGuid = {473A1FFC-72A9-4FFE-BAA6-8ADB77DB17BF}
	EndGlobalSection
EndGlobal
